
Microsoft Visual Studio Solution File, Format Version 12.00
# Visual Studio 15
VisualStudioVersion = 15.0.27428.2005
MinimumVisualStudioVersion = 10.0.40219.1
Project("{F184B08F-C81C-45F6-A57F-5ABD9991F28F}") = "LampUnitTests", "LampUnitTests\LampUnitTests.vbproj", "{D55A17B9-A1BA-4629-AB8C-FF4E517E6097}"
	ProjectSection(ProjectDependencies) = postProject
		{3CBBC25D-39E3-4637-86DA-7EEB2B52E79A} = {3CBBC25D-39E3-4637-86DA-7EEB2B52E79A}
		{A522E2B9-0B73-4B8C-8F50-2C0635B8CB17} = {A522E2B9-0B73-4B8C-8F50-2C0635B8CB17}
		{F78807FF-C75E-4B88-8055-C498C9CF813F} = {F78807FF-C75E-4B88-8055-C498C9CF813F}
	EndProjectSection
EndProject
Project("{F184B08F-C81C-45F6-A57F-5ABD9991F28F}") = "LampService", "LampService\LampService.vbproj", "{A522E2B9-0B73-4B8C-8F50-2C0635B8CB17}"
	ProjectSection(ProjectDependencies) = postProject
		{F78807FF-C75E-4B88-8055-C498C9CF813F} = {F78807FF-C75E-4B88-8055-C498C9CF813F}
	EndProjectSection
EndProject
Project("{F184B08F-C81C-45F6-A57F-5ABD9991F28F}") = "LampCommon", "LampCommon\LampCommon.vbproj", "{F78807FF-C75E-4B88-8055-C498C9CF813F}"
EndProject
Project("{F184B08F-C81C-45F6-A57F-5ABD9991F28F}") = "LampClient", "LampClient\LampClient.vbproj", "{3CBBC25D-39E3-4637-86DA-7EEB2B52E79A}"
	ProjectSection(ProjectDependencies) = postProject
		{A522E2B9-0B73-4B8C-8F50-2C0635B8CB17} = {A522E2B9-0B73-4B8C-8F50-2C0635B8CB17}
		{F78807FF-C75E-4B88-8055-C498C9CF813F} = {F78807FF-C75E-4B88-8055-C498C9CF813F}
	EndProjectSection
EndProject
Global
	GlobalSection(SolutionConfigurationPlatforms) = preSolution
		Debug|Any CPU = Debug|Any CPU
		Release|Any CPU = Release|Any CPU
	EndGlobalSection
	GlobalSection(ProjectConfigurationPlatforms) = postSolution
		{D55A17B9-A1BA-4629-AB8C-FF4E517E6097}.Debug|Any CPU.ActiveCfg = Debug|Any CPU
		{D55A17B9-A1BA-4629-AB8C-FF4E517E6097}.Debug|Any CPU.Build.0 = Debug|Any CPU
		{D55A17B9-A1BA-4629-AB8C-FF4E517E6097}.Release|Any CPU.ActiveCfg = Release|Any CPU
		{D55A17B9-A1BA-4629-AB8C-FF4E517E6097}.Release|Any CPU.Build.0 = Release|Any CPU
		{A522E2B9-0B73-4B8C-8F50-2C0635B8CB17}.Debug|Any CPU.ActiveCfg = Debug|Any CPU
		{A522E2B9-0B73-4B8C-8F50-2C0635B8CB17}.Debug|Any CPU.Build.0 = Debug|Any CPU
		{A522E2B9-0B73-4B8C-8F50-2C0635B8CB17}.Release|Any CPU.ActiveCfg = Release|Any CPU
		{A522E2B9-0B73-4B8C-8F50-2C0635B8CB17}.Release|Any CPU.Build.0 = Release|Any CPU
		{F78807FF-C75E-4B88-8055-C498C9CF813F}.Debug|Any CPU.ActiveCfg = Debug|Any CPU
		{F78807FF-C75E-4B88-8055-C498C9CF813F}.Debug|Any CPU.Build.0 = Debug|Any CPU
		{F78807FF-C75E-4B88-8055-C498C9CF813F}.Release|Any CPU.ActiveCfg = Release|Any CPU
		{F78807FF-C75E-4B88-8055-C498C9CF813F}.Release|Any CPU.Build.0 = Release|Any CPU
		{3CBBC25D-39E3-4637-86DA-7EEB2B52E79A}.Debug|Any CPU.ActiveCfg = Debug|Any CPU
		{3CBBC25D-39E3-4637-86DA-7EEB2B52E79A}.Debug|Any CPU.Build.0 = Debug|Any CPU
		{3CBBC25D-39E3-4637-86DA-7EEB2B52E79A}.Release|Any CPU.ActiveCfg = Release|Any CPU
		{3CBBC25D-39E3-4637-86DA-7EEB2B52E79A}.Release|Any CPU.Build.0 = Release|Any CPU
	EndGlobalSection
	GlobalSection(SolutionProperties) = preSolution
		HideSolutionNode = FALSE
	EndGlobalSection
	GlobalSection(ExtensibilityGlobals) = postSolution
		SolutionGuid = {F4861151-F50B-48E9-8E90-15B3A5F9A4DE}
	EndGlobalSection
EndGlobal
